// !$*UTF8*$!
{
	archiveVersion = 1;
	classes = {
	};
	objectVersion = 46;
	objects = {

/* Begin PBXBuildFile section */
		390E555016BA65BD00FB54E4 /* navigation.png in Resources */ = {isa = PBXBuildFile; fileRef = 390E554F16BA65BC00FB54E4 /* navigation.png */; };
		390E555616BA714100FB54E4 /* LightBlueButton.png in Resources */ = {isa = PBXBuildFile; fileRef = 390E555516BA714100FB54E4 /* LightBlueButton.png */; };
		390E555816BA723500FB54E4 /* sZsi9XwLEo6W6WB4Rbcy9Zcm9b7S8XNmLZ7nFb70Go80KYdXEatuBZ80RYseOc7q8WsiEYR4DYNX_.png in Resources */ = {isa = PBXBuildFile; fileRef = 390E555716BA723500FB54E4 /* sZsi9XwLEo6W6WB4Rbcy9Zcm9b7S8XNmLZ7nFb70Go80KYdXEatuBZ80RYseOc7q8WsiEYR4DYNX_.png */; };
		390E556016BB5B4300FB54E4 /* DarkBlue.jpg in Resources */ = {isa = PBXBuildFile; fileRef = 390E555F16BB5B4300FB54E4 /* DarkBlue.jpg */; };
		39196FF416B25A9C00F18959 /* Icon@2x.png in Resources */ = {isa = PBXBuildFile; fileRef = 39196FF116B25A9C00F18959 /* Icon@2x.png */; };
		39196FF516B25A9C00F18959 /* 57.jpg in Resources */ = {isa = PBXBuildFile; fileRef = 39196FF216B25A9C00F18959 /* 57.jpg */; };
		39196FF616B25A9C00F18959 /* Icon.png in Resources */ = {isa = PBXBuildFile; fileRef = 39196FF316B25A9C00F18959 /* Icon.png */; };
		39B8A2F0169FF09E00B3FEB8 /* UIKit.framework in Frameworks */ = {isa = PBXBuildFile; fileRef = 39B8A2EF169FF09E00B3FEB8 /* UIKit.framework */; };
		39B8A2F2169FF09E00B3FEB8 /* Foundation.framework in Frameworks */ = {isa = PBXBuildFile; fileRef = 39B8A2F1169FF09E00B3FEB8 /* Foundation.framework */; };
		39B8A2F4169FF09E00B3FEB8 /* CoreGraphics.framework in Frameworks */ = {isa = PBXBuildFile; fileRef = 39B8A2F3169FF09E00B3FEB8 /* CoreGraphics.framework */; };
		39B8A2FA169FF09E00B3FEB8 /* InfoPlist.strings in Resources */ = {isa = PBXBuildFile; fileRef = 39B8A2F8169FF09E00B3FEB8 /* InfoPlist.strings */; };
		39B8A2FC169FF09E00B3FEB8 /* main.m in Sources */ = {isa = PBXBuildFile; fileRef = 39B8A2FB169FF09E00B3FEB8 /* main.m */; };
		39B8A300169FF09E00B3FEB8 /* AppDelegate.m in Sources */ = {isa = PBXBuildFile; fileRef = 39B8A2FF169FF09E00B3FEB8 /* AppDelegate.m */; };
		39B8A302169FF09E00B3FEB8 /* Default.png in Resources */ = {isa = PBXBuildFile; fileRef = 39B8A301169FF09E00B3FEB8 /* Default.png */; };
		39B8A304169FF09E00B3FEB8 /* Default@2x.png in Resources */ = {isa = PBXBuildFile; fileRef = 39B8A303169FF09E00B3FEB8 /* Default@2x.png */; };
		39B8A306169FF09E00B3FEB8 /* Default-568h@2x.png in Resources */ = {isa = PBXBuildFile; fileRef = 39B8A305169FF09E00B3FEB8 /* Default-568h@2x.png */; };
		39B8A30C169FF09E00B3FEB8 /* MasterViewController.m in Sources */ = {isa = PBXBuildFile; fileRef = 39B8A30B169FF09E00B3FEB8 /* MasterViewController.m */; };
		39B8A317169FF09F00B3FEB8 /* SenTestingKit.framework in Frameworks */ = {isa = PBXBuildFile; fileRef = 39B8A316169FF09F00B3FEB8 /* SenTestingKit.framework */; };
		39B8A318169FF09F00B3FEB8 /* UIKit.framework in Frameworks */ = {isa = PBXBuildFile; fileRef = 39B8A2EF169FF09E00B3FEB8 /* UIKit.framework */; };
		39B8A319169FF09F00B3FEB8 /* Foundation.framework in Frameworks */ = {isa = PBXBuildFile; fileRef = 39B8A2F1169FF09E00B3FEB8 /* Foundation.framework */; };
		39B8A321169FF09F00B3FEB8 /* InfoPlist.strings in Resources */ = {isa = PBXBuildFile; fileRef = 39B8A31F169FF09F00B3FEB8 /* InfoPlist.strings */; };
		39B8A324169FF09F00B3FEB8 /* Smart_MonitorTests.m in Sources */ = {isa = PBXBuildFile; fileRef = 39B8A323169FF09F00B3FEB8 /* Smart_MonitorTests.m */; };
		39B8A32F169FF19700B3FEB8 /* LoginDetails.m in Sources */ = {isa = PBXBuildFile; fileRef = 39B8A32E169FF19700B3FEB8 /* LoginDetails.m */; };
		39B8A340169FFA9A00B3FEB8 /* User.m in Sources */ = {isa = PBXBuildFile; fileRef = 39B8A33B169FFA9A00B3FEB8 /* User.m */; };
		39B8A341169FFA9A00B3FEB8 /* User.m in Sources */ = {isa = PBXBuildFile; fileRef = 39B8A33B169FFA9A00B3FEB8 /* User.m */; };
		39B8A342169FFA9A00B3FEB8 /* System.m in Sources */ = {isa = PBXBuildFile; fileRef = 39B8A33D169FFA9A00B3FEB8 /* System.m */; };
		39B8A343169FFA9A00B3FEB8 /* System.m in Sources */ = {isa = PBXBuildFile; fileRef = 39B8A33D169FFA9A00B3FEB8 /* System.m */; };
		39B8A344169FFA9A00B3FEB8 /* CoordinatePoint.m in Sources */ = {isa = PBXBuildFile; fileRef = 39B8A33F169FFA9A00B3FEB8 /* CoordinatePoint.m */; };
		39B8A345169FFA9A00B3FEB8 /* CoordinatePoint.m in Sources */ = {isa = PBXBuildFile; fileRef = 39B8A33F169FFA9A00B3FEB8 /* CoordinatePoint.m */; };
		39B8A34C169FFAA400B3FEB8 /* GetUser.m in Sources */ = {isa = PBXBuildFile; fileRef = 39B8A347169FFAA400B3FEB8 /* GetUser.m */; };
		39B8A34D169FFAA400B3FEB8 /* GetUser.m in Sources */ = {isa = PBXBuildFile; fileRef = 39B8A347169FFAA400B3FEB8 /* GetUser.m */; };
		39B8A34E169FFAA400B3FEB8 /* GetSystem.m in Sources */ = {isa = PBXBuildFile; fileRef = 39B8A349169FFAA400B3FEB8 /* GetSystem.m */; };
		39B8A34F169FFAA400B3FEB8 /* GetSystem.m in Sources */ = {isa = PBXBuildFile; fileRef = 39B8A349169FFAA400B3FEB8 /* GetSystem.m */; };
		39B8A350169FFAA400B3FEB8 /* GetCoordinatePoint.m in Sources */ = {isa = PBXBuildFile; fileRef = 39B8A34B169FFAA400B3FEB8 /* GetCoordinatePoint.m */; };
		39B8A351169FFAA400B3FEB8 /* GetCoordinatePoint.m in Sources */ = {isa = PBXBuildFile; fileRef = 39B8A34B169FFAA400B3FEB8 /* GetCoordinatePoint.m */; };
		39CB7EA716BFADCB00A6C6C9 /* deeblubitch.png in Resources */ = {isa = PBXBuildFile; fileRef = 39CB7EA616BFADCB00A6C6C9 /* deeblubitch.png */; };
		39D3328416A69F1400651EA1 /* QuartzCore.framework in Frameworks */ = {isa = PBXBuildFile; fileRef = 39D3328316A69F1400651EA1 /* QuartzCore.framework */; };
		39D3328716A6A06B00651EA1 /* Trends.m in Sources */ = {isa = PBXBuildFile; fileRef = 39D3328616A6A06B00651EA1 /* Trends.m */; };
		39D332D316A6A3B300651EA1 /* libCorePlot-CocoaTouch.a in Frameworks */ = {isa = PBXBuildFile; fileRef = 39D332D216A6A3B300651EA1 /* libCorePlot-CocoaTouch.a */; };
		39E6294E16A69788003CEC4A /* SystemDetails.m in Sources */ = {isa = PBXBuildFile; fileRef = 39E6294D16A69788003CEC4A /* SystemDetails.m */; };
		CE03D54A16A3DA4600C846C9 /* MainStoryboard.storyboard in Resources */ = {isa = PBXBuildFile; fileRef = CE03D54816A3DA4600C846C9 /* MainStoryboard.storyboard */; };
		CE0DF3A216A67E500023F56C /* SystemParameter.m in Sources */ = {isa = PBXBuildFile; fileRef = CE0DF3A116A67E500023F56C /* SystemParameter.m */; };
		CE0DF3A616A67E900023F56C /* GetSystemParameter.m in Sources */ = {isa = PBXBuildFile; fileRef = CE0DF3A516A67E900023F56C /* GetSystemParameter.m */; };
		CE8900DD16AE557F0030365D /* 53640.jpg in Resources */ = {isa = PBXBuildFile; fileRef = CE8900DC16AE557F0030365D /* 53640.jpg */; };
/* End PBXBuildFile section */

/* Begin PBXContainerItemProxy section */
		39B8A31A169FF09F00B3FEB8 /* PBXContainerItemProxy */ = {
			isa = PBXContainerItemProxy;
			containerPortal = 39B8A2E2169FF09D00B3FEB8 /* Project object */;
			proxyType = 1;
			remoteGlobalIDString = 39B8A2EA169FF09D00B3FEB8;
			remoteInfo = "Smart Monitor";
		};
/* End PBXContainerItemProxy section */

/* Begin PBXFileReference section */
		390E554F16BA65BC00FB54E4 /* navigation.png */ = {isa = PBXFileReference; lastKnownFileType = image.png; path = navigation.png; sourceTree = "<group>"; };
		390E555516BA714100FB54E4 /* LightBlueButton.png */ = {isa = PBXFileReference; lastKnownFileType = image.png; path = LightBlueButton.png; sourceTree = "<group>"; };
		390E555716BA723500FB54E4 /* sZsi9XwLEo6W6WB4Rbcy9Zcm9b7S8XNmLZ7nFb70Go80KYdXEatuBZ80RYseOc7q8WsiEYR4DYNX_.png */ = {isa = PBXFileReference; lastKnownFileType = image.png; path = sZsi9XwLEo6W6WB4Rbcy9Zcm9b7S8XNmLZ7nFb70Go80KYdXEatuBZ80RYseOc7q8WsiEYR4DYNX_.png; sourceTree = "<group>"; };
		390E555F16BB5B4300FB54E4 /* DarkBlue.jpg */ = {isa = PBXFileReference; lastKnownFileType = image.jpeg; path = DarkBlue.jpg; sourceTree = "<group>"; };
		39196FF116B25A9C00F18959 /* Icon@2x.png */ = {isa = PBXFileReference; lastKnownFileType = image.png; path = "Icon@2x.png"; sourceTree = "<group>"; };
		39196FF216B25A9C00F18959 /* 57.jpg */ = {isa = PBXFileReference; lastKnownFileType = image.jpeg; path = 57.jpg; sourceTree = "<group>"; };
		39196FF316B25A9C00F18959 /* Icon.png */ = {isa = PBXFileReference; lastKnownFileType = image.png; path = Icon.png; sourceTree = "<group>"; };
		39B8A2EB169FF09D00B3FEB8 /* Smart Monitor.app */ = {isa = PBXFileReference; explicitFileType = wrapper.application; includeInIndex = 0; path = "Smart Monitor.app"; sourceTree = BUILT_PRODUCTS_DIR; };
		39B8A2EF169FF09E00B3FEB8 /* UIKit.framework */ = {isa = PBXFileReference; lastKnownFileType = wrapper.framework; name = UIKit.framework; path = System/Library/Frameworks/UIKit.framework; sourceTree = SDKROOT; };
		39B8A2F1169FF09E00B3FEB8 /* Foundation.framework */ = {isa = PBXFileReference; lastKnownFileType = wrapper.framework; name = Foundation.framework; path = System/Library/Frameworks/Foundation.framework; sourceTree = SDKROOT; };
		39B8A2F3169FF09E00B3FEB8 /* CoreGraphics.framework */ = {isa = PBXFileReference; lastKnownFileType = wrapper.framework; name = CoreGraphics.framework; path = System/Library/Frameworks/CoreGraphics.framework; sourceTree = SDKROOT; };
		39B8A2F7169FF09E00B3FEB8 /* Smart Monitor-Info.plist */ = {isa = PBXFileReference; lastKnownFileType = text.plist.xml; path = "Smart Monitor-Info.plist"; sourceTree = "<group>"; };
		39B8A2F9169FF09E00B3FEB8 /* en */ = {isa = PBXFileReference; lastKnownFileType = text.plist.strings; name = en; path = en.lproj/InfoPlist.strings; sourceTree = "<group>"; };
		39B8A2FB169FF09E00B3FEB8 /* main.m */ = {isa = PBXFileReference; lastKnownFileType = sourcecode.c.objc; path = main.m; sourceTree = "<group>"; };
		39B8A2FD169FF09E00B3FEB8 /* Smart Monitor-Prefix.pch */ = {isa = PBXFileReference; lastKnownFileType = sourcecode.c.h; path = "Smart Monitor-Prefix.pch"; sourceTree = "<group>"; };
		39B8A2FE169FF09E00B3FEB8 /* AppDelegate.h */ = {isa = PBXFileReference; lastKnownFileType = sourcecode.c.h; path = AppDelegate.h; sourceTree = "<group>"; };
		39B8A2FF169FF09E00B3FEB8 /* AppDelegate.m */ = {isa = PBXFileReference; lastKnownFileType = sourcecode.c.objc; path = AppDelegate.m; sourceTree = "<group>"; };
		39B8A301169FF09E00B3FEB8 /* Default.png */ = {isa = PBXFileReference; lastKnownFileType = image.png; path = Default.png; sourceTree = "<group>"; };
		39B8A303169FF09E00B3FEB8 /* Default@2x.png */ = {isa = PBXFileReference; lastKnownFileType = image.png; path = "Default@2x.png"; sourceTree = "<group>"; };
		39B8A305169FF09E00B3FEB8 /* Default-568h@2x.png */ = {isa = PBXFileReference; lastKnownFileType = image.png; path = "Default-568h@2x.png"; sourceTree = "<group>"; };
		39B8A30A169FF09E00B3FEB8 /* MasterViewController.h */ = {isa = PBXFileReference; lastKnownFileType = sourcecode.c.h; path = MasterViewController.h; sourceTree = "<group>"; };
		39B8A30B169FF09E00B3FEB8 /* MasterViewController.m */ = {isa = PBXFileReference; lastKnownFileType = sourcecode.c.objc; path = MasterViewController.m; sourceTree = "<group>"; };
		39B8A315169FF09F00B3FEB8 /* Smart MonitorTests.octest */ = {isa = PBXFileReference; explicitFileType = wrapper.cfbundle; includeInIndex = 0; path = "Smart MonitorTests.octest"; sourceTree = BUILT_PRODUCTS_DIR; };
		39B8A316169FF09F00B3FEB8 /* SenTestingKit.framework */ = {isa = PBXFileReference; lastKnownFileType = wrapper.framework; name = SenTestingKit.framework; path = Library/Frameworks/SenTestingKit.framework; sourceTree = DEVELOPER_DIR; };
		39B8A31E169FF09F00B3FEB8 /* Smart MonitorTests-Info.plist */ = {isa = PBXFileReference; lastKnownFileType = text.plist.xml; path = "Smart MonitorTests-Info.plist"; sourceTree = "<group>"; };
		39B8A320169FF09F00B3FEB8 /* en */ = {isa = PBXFileReference; lastKnownFileType = text.plist.strings; name = en; path = en.lproj/InfoPlist.strings; sourceTree = "<group>"; };
		39B8A322169FF09F00B3FEB8 /* Smart_MonitorTests.h */ = {isa = PBXFileReference; lastKnownFileType = sourcecode.c.h; path = Smart_MonitorTests.h; sourceTree = "<group>"; };
		39B8A323169FF09F00B3FEB8 /* Smart_MonitorTests.m */ = {isa = PBXFileReference; lastKnownFileType = sourcecode.c.objc; path = Smart_MonitorTests.m; sourceTree = "<group>"; };
		39B8A32D169FF19700B3FEB8 /* LoginDetails.h */ = {isa = PBXFileReference; fileEncoding = 4; lastKnownFileType = sourcecode.c.h; path = LoginDetails.h; sourceTree = "<group>"; };
		39B8A32E169FF19700B3FEB8 /* LoginDetails.m */ = {isa = PBXFileReference; fileEncoding = 4; lastKnownFileType = sourcecode.c.objc; path = LoginDetails.m; sourceTree = "<group>"; };
		39B8A33A169FFA9A00B3FEB8 /* User.h */ = {isa = PBXFileReference; fileEncoding = 4; lastKnownFileType = sourcecode.c.h; path = User.h; sourceTree = "<group>"; };
		39B8A33B169FFA9A00B3FEB8 /* User.m */ = {isa = PBXFileReference; fileEncoding = 4; lastKnownFileType = sourcecode.c.objc; path = User.m; sourceTree = "<group>"; };
		39B8A33C169FFA9A00B3FEB8 /* System.h */ = {isa = PBXFileReference; fileEncoding = 4; lastKnownFileType = sourcecode.c.h; path = System.h; sourceTree = "<group>"; };
		39B8A33D169FFA9A00B3FEB8 /* System.m */ = {isa = PBXFileReference; fileEncoding = 4; lastKnownFileType = sourcecode.c.objc; path = System.m; sourceTree = "<group>"; };
		39B8A33E169FFA9A00B3FEB8 /* CoordinatePoint.h */ = {isa = PBXFileReference; fileEncoding = 4; lastKnownFileType = sourcecode.c.h; path = CoordinatePoint.h; sourceTree = "<group>"; };
		39B8A33F169FFA9A00B3FEB8 /* CoordinatePoint.m */ = {isa = PBXFileReference; fileEncoding = 4; lastKnownFileType = sourcecode.c.objc; path = CoordinatePoint.m; sourceTree = "<group>"; };
		39B8A346169FFAA400B3FEB8 /* GetUser.h */ = {isa = PBXFileReference; fileEncoding = 4; lastKnownFileType = sourcecode.c.h; path = GetUser.h; sourceTree = "<group>"; };
		39B8A347169FFAA400B3FEB8 /* GetUser.m */ = {isa = PBXFileReference; fileEncoding = 4; lastKnownFileType = sourcecode.c.objc; path = GetUser.m; sourceTree = "<group>"; };
		39B8A348169FFAA400B3FEB8 /* GetSystem.h */ = {isa = PBXFileReference; fileEncoding = 4; lastKnownFileType = sourcecode.c.h; path = GetSystem.h; sourceTree = "<group>"; };
		39B8A349169FFAA400B3FEB8 /* GetSystem.m */ = {isa = PBXFileReference; fileEncoding = 4; lastKnownFileType = sourcecode.c.objc; path = GetSystem.m; sourceTree = "<group>"; };
		39B8A34A169FFAA400B3FEB8 /* GetCoordinatePoint.h */ = {isa = PBXFileReference; fileEncoding = 4; lastKnownFileType = sourcecode.c.h; path = GetCoordinatePoint.h; sourceTree = "<group>"; };
		39B8A34B169FFAA400B3FEB8 /* GetCoordinatePoint.m */ = {isa = PBXFileReference; fileEncoding = 4; lastKnownFileType = sourcecode.c.objc; path = GetCoordinatePoint.m; sourceTree = "<group>"; };
		39CB7EA616BFADCB00A6C6C9 /* deeblubitch.png */ = {isa = PBXFileReference; lastKnownFileType = image.png; path = deeblubitch.png; sourceTree = "<group>"; };
		39D3328316A69F1400651EA1 /* QuartzCore.framework */ = {isa = PBXFileReference; lastKnownFileType = wrapper.framework; name = QuartzCore.framework; path = System/Library/Frameworks/QuartzCore.framework; sourceTree = SDKROOT; };
		39D3328516A6A06B00651EA1 /* Trends.h */ = {isa = PBXFileReference; fileEncoding = 4; lastKnownFileType = sourcecode.c.h; path = Trends.h; sourceTree = "<group>"; };
		39D3328616A6A06B00651EA1 /* Trends.m */ = {isa = PBXFileReference; fileEncoding = 4; lastKnownFileType = sourcecode.c.objc; path = Trends.m; sourceTree = "<group>"; };
		39D332D216A6A3B300651EA1 /* libCorePlot-CocoaTouch.a */ = {isa = PBXFileReference; lastKnownFileType = archive.ar; path = "libCorePlot-CocoaTouch.a"; sourceTree = "<group>"; };
		39D332D516A6A3E500651EA1 /* CorePlot-CocoaTouch.h */ = {isa = PBXFileReference; fileEncoding = 4; lastKnownFileType = sourcecode.c.h; path = "CorePlot-CocoaTouch.h"; sourceTree = "<group>"; };
		39D332D616A6A3E500651EA1 /* CPTAnnotation.h */ = {isa = PBXFileReference; fileEncoding = 4; lastKnownFileType = sourcecode.c.h; path = CPTAnnotation.h; sourceTree = "<group>"; };
		39D332D716A6A3E500651EA1 /* CPTAnnotationHostLayer.h */ = {isa = PBXFileReference; fileEncoding = 4; lastKnownFileType = sourcecode.c.h; path = CPTAnnotationHostLayer.h; sourceTree = "<group>"; };
		39D332D816A6A3E500651EA1 /* CPTAxis.h */ = {isa = PBXFileReference; fileEncoding = 4; lastKnownFileType = sourcecode.c.h; path = CPTAxis.h; sourceTree = "<group>"; };
		39D332D916A6A3E500651EA1 /* CPTAxisLabel.h */ = {isa = PBXFileReference; fileEncoding = 4; lastKnownFileType = sourcecode.c.h; path = CPTAxisLabel.h; sourceTree = "<group>"; };
		39D332DA16A6A3E500651EA1 /* CPTAxisLabelGroup.h */ = {isa = PBXFileReference; fileEncoding = 4; lastKnownFileType = sourcecode.c.h; path = CPTAxisLabelGroup.h; sourceTree = "<group>"; };
		39D332DB16A6A3E500651EA1 /* CPTAxisSet.h */ = {isa = PBXFileReference; fileEncoding = 4; lastKnownFileType = sourcecode.c.h; path = CPTAxisSet.h; sourceTree = "<group>"; };
		39D332DC16A6A3E500651EA1 /* CPTAxisTitle.h */ = {isa = PBXFileReference; fileEncoding = 4; lastKnownFileType = sourcecode.c.h; path = CPTAxisTitle.h; sourceTree = "<group>"; };
		39D332DD16A6A3E500651EA1 /* CPTBarPlot.h */ = {isa = PBXFileReference; fileEncoding = 4; lastKnownFileType = sourcecode.c.h; path = CPTBarPlot.h; sourceTree = "<group>"; };
		39D332DE16A6A3E500651EA1 /* CPTBorderedLayer.h */ = {isa = PBXFileReference; fileEncoding = 4; lastKnownFileType = sourcecode.c.h; path = CPTBorderedLayer.h; sourceTree = "<group>"; };
		39D332DF16A6A3E500651EA1 /* CPTCalendarFormatter.h */ = {isa = PBXFileReference; fileEncoding = 4; lastKnownFileType = sourcecode.c.h; path = CPTCalendarFormatter.h; sourceTree = "<group>"; };
		39D332E016A6A3E500651EA1 /* CPTColor.h */ = {isa = PBXFileReference; fileEncoding = 4; lastKnownFileType = sourcecode.c.h; path = CPTColor.h; sourceTree = "<group>"; };
		39D332E116A6A3E500651EA1 /* CPTColorSpace.h */ = {isa = PBXFileReference; fileEncoding = 4; lastKnownFileType = sourcecode.c.h; path = CPTColorSpace.h; sourceTree = "<group>"; };
		39D332E216A6A3E500651EA1 /* CPTConstraints.h */ = {isa = PBXFileReference; fileEncoding = 4; lastKnownFileType = sourcecode.c.h; path = CPTConstraints.h; sourceTree = "<group>"; };
		39D332E316A6A3E500651EA1 /* CPTDataSourceTestCase.h */ = {isa = PBXFileReference; fileEncoding = 4; lastKnownFileType = sourcecode.c.h; path = CPTDataSourceTestCase.h; sourceTree = "<group>"; };
		39D332E416A6A3E500651EA1 /* CPTDefinitions.h */ = {isa = PBXFileReference; fileEncoding = 4; lastKnownFileType = sourcecode.c.h; path = CPTDefinitions.h; sourceTree = "<group>"; };
		39D332E516A6A3E500651EA1 /* CPTDerivedXYGraph.h */ = {isa = PBXFileReference; fileEncoding = 4; lastKnownFileType = sourcecode.c.h; path = CPTDerivedXYGraph.h; sourceTree = "<group>"; };
		39D332E616A6A3E500651EA1 /* CPTExceptions.h */ = {isa = PBXFileReference; fileEncoding = 4; lastKnownFileType = sourcecode.c.h; path = CPTExceptions.h; sourceTree = "<group>"; };
		39D332E716A6A3E500651EA1 /* CPTFill.h */ = {isa = PBXFileReference; fileEncoding = 4; lastKnownFileType = sourcecode.c.h; path = CPTFill.h; sourceTree = "<group>"; };
		39D332E816A6A3E500651EA1 /* CPTGradient.h */ = {isa = PBXFileReference; fileEncoding = 4; lastKnownFileType = sourcecode.c.h; path = CPTGradient.h; sourceTree = "<group>"; };
		39D332E916A6A3E500651EA1 /* CPTGraph.h */ = {isa = PBXFileReference; fileEncoding = 4; lastKnownFileType = sourcecode.c.h; path = CPTGraph.h; sourceTree = "<group>"; };
		39D332EA16A6A3E500651EA1 /* CPTGraphHostingView.h */ = {isa = PBXFileReference; fileEncoding = 4; lastKnownFileType = sourcecode.c.h; path = CPTGraphHostingView.h; sourceTree = "<group>"; };
		39D332EB16A6A3E500651EA1 /* CPTGridLineGroup.h */ = {isa = PBXFileReference; fileEncoding = 4; lastKnownFileType = sourcecode.c.h; path = CPTGridLineGroup.h; sourceTree = "<group>"; };
		39D332EC16A6A3E500651EA1 /* CPTGridLines.h */ = {isa = PBXFileReference; fileEncoding = 4; lastKnownFileType = sourcecode.c.h; path = CPTGridLines.h; sourceTree = "<group>"; };
		39D332ED16A6A3E500651EA1 /* CPTImage.h */ = {isa = PBXFileReference; fileEncoding = 4; lastKnownFileType = sourcecode.c.h; path = CPTImage.h; sourceTree = "<group>"; };
		39D332EE16A6A3E500651EA1 /* CPTLayer.h */ = {isa = PBXFileReference; fileEncoding = 4; lastKnownFileType = sourcecode.c.h; path = CPTLayer.h; sourceTree = "<group>"; };
		39D332EF16A6A3E500651EA1 /* CPTLayerAnnotation.h */ = {isa = PBXFileReference; fileEncoding = 4; lastKnownFileType = sourcecode.c.h; path = CPTLayerAnnotation.h; sourceTree = "<group>"; };
		39D332F016A6A3E500651EA1 /* CPTLegend.h */ = {isa = PBXFileReference; fileEncoding = 4; lastKnownFileType = sourcecode.c.h; path = CPTLegend.h; sourceTree = "<group>"; };
		39D332F116A6A3E500651EA1 /* CPTLegendEntry.h */ = {isa = PBXFileReference; fileEncoding = 4; lastKnownFileType = sourcecode.c.h; path = CPTLegendEntry.h; sourceTree = "<group>"; };
		39D332F216A6A3E500651EA1 /* CPTLimitBand.h */ = {isa = PBXFileReference; fileEncoding = 4; lastKnownFileType = sourcecode.c.h; path = CPTLimitBand.h; sourceTree = "<group>"; };
		39D332F316A6A3E500651EA1 /* CPTLineCap.h */ = {isa = PBXFileReference; fileEncoding = 4; lastKnownFileType = sourcecode.c.h; path = CPTLineCap.h; sourceTree = "<group>"; };
		39D332F416A6A3E500651EA1 /* CPTLineStyle.h */ = {isa = PBXFileReference; fileEncoding = 4; lastKnownFileType = sourcecode.c.h; path = CPTLineStyle.h; sourceTree = "<group>"; };
		39D332F516A6A3E500651EA1 /* CPTMutableLineStyle.h */ = {isa = PBXFileReference; fileEncoding = 4; lastKnownFileType = sourcecode.c.h; path = CPTMutableLineStyle.h; sourceTree = "<group>"; };
		39D332F616A6A3E500651EA1 /* CPTMutableNumericData+TypeConversion.h */ = {isa = PBXFileReference; fileEncoding = 4; lastKnownFileType = sourcecode.c.h; path = "CPTMutableNumericData+TypeConversion.h"; sourceTree = "<group>"; };
		39D332F716A6A3E500651EA1 /* CPTMutableNumericData.h */ = {isa = PBXFileReference; fileEncoding = 4; lastKnownFileType = sourcecode.c.h; path = CPTMutableNumericData.h; sourceTree = "<group>"; };
		39D332F816A6A3E500651EA1 /* CPTMutablePlotRange.h */ = {isa = PBXFileReference; fileEncoding = 4; lastKnownFileType = sourcecode.c.h; path = CPTMutablePlotRange.h; sourceTree = "<group>"; };
		39D332F916A6A3E500651EA1 /* CPTMutableShadow.h */ = {isa = PBXFileReference; fileEncoding = 4; lastKnownFileType = sourcecode.c.h; path = CPTMutableShadow.h; sourceTree = "<group>"; };
		39D332FA16A6A3E500651EA1 /* CPTMutableTextStyle.h */ = {isa = PBXFileReference; fileEncoding = 4; lastKnownFileType = sourcecode.c.h; path = CPTMutableTextStyle.h; sourceTree = "<group>"; };
		39D332FB16A6A3E500651EA1 /* CPTNumericData+TypeConversion.h */ = {isa = PBXFileReference; fileEncoding = 4; lastKnownFileType = sourcecode.c.h; path = "CPTNumericData+TypeConversion.h"; sourceTree = "<group>"; };
		39D332FC16A6A3E500651EA1 /* CPTNumericData.h */ = {isa = PBXFileReference; fileEncoding = 4; lastKnownFileType = sourcecode.c.h; path = CPTNumericData.h; sourceTree = "<group>"; };
		39D332FD16A6A3E500651EA1 /* CPTNumericDataType.h */ = {isa = PBXFileReference; fileEncoding = 4; lastKnownFileType = sourcecode.c.h; path = CPTNumericDataType.h; sourceTree = "<group>"; };
		39D332FE16A6A3E500651EA1 /* CPTPathExtensions.h */ = {isa = PBXFileReference; fileEncoding = 4; lastKnownFileType = sourcecode.c.h; path = CPTPathExtensions.h; sourceTree = "<group>"; };
		39D332FF16A6A3E500651EA1 /* CPTPieChart.h */ = {isa = PBXFileReference; fileEncoding = 4; lastKnownFileType = sourcecode.c.h; path = CPTPieChart.h; sourceTree = "<group>"; };
		39D3330016A6A3E500651EA1 /* CPTPlatformSpecificCategories.h */ = {isa = PBXFileReference; fileEncoding = 4; lastKnownFileType = sourcecode.c.h; path = CPTPlatformSpecificCategories.h; sourceTree = "<group>"; };
		39D3330116A6A3E500651EA1 /* CPTPlatformSpecificDefines.h */ = {isa = PBXFileReference; fileEncoding = 4; lastKnownFileType = sourcecode.c.h; path = CPTPlatformSpecificDefines.h; sourceTree = "<group>"; };
		39D3330216A6A3E500651EA1 /* CPTPlatformSpecificFunctions.h */ = {isa = PBXFileReference; fileEncoding = 4; lastKnownFileType = sourcecode.c.h; path = CPTPlatformSpecificFunctions.h; sourceTree = "<group>"; };
		39D3330316A6A3E500651EA1 /* CPTPlot.h */ = {isa = PBXFileReference; fileEncoding = 4; lastKnownFileType = sourcecode.c.h; path = CPTPlot.h; sourceTree = "<group>"; };
		39D3330416A6A3E500651EA1 /* CPTPlotArea.h */ = {isa = PBXFileReference; fileEncoding = 4; lastKnownFileType = sourcecode.c.h; path = CPTPlotArea.h; sourceTree = "<group>"; };
		39D3330516A6A3E500651EA1 /* CPTPlotAreaFrame.h */ = {isa = PBXFileReference; fileEncoding = 4; lastKnownFileType = sourcecode.c.h; path = CPTPlotAreaFrame.h; sourceTree = "<group>"; };
		39D3330616A6A3E500651EA1 /* CPTPlotGroup.h */ = {isa = PBXFileReference; fileEncoding = 4; lastKnownFileType = sourcecode.c.h; path = CPTPlotGroup.h; sourceTree = "<group>"; };
		39D3330716A6A3E500651EA1 /* CPTPlotRange.h */ = {isa = PBXFileReference; fileEncoding = 4; lastKnownFileType = sourcecode.c.h; path = CPTPlotRange.h; sourceTree = "<group>"; };
		39D3330816A6A3E500651EA1 /* CPTPlotSpace.h */ = {isa = PBXFileReference; fileEncoding = 4; lastKnownFileType = sourcecode.c.h; path = CPTPlotSpace.h; sourceTree = "<group>"; };
		39D3330916A6A3E500651EA1 /* CPTPlotSpaceAnnotation.h */ = {isa = PBXFileReference; fileEncoding = 4; lastKnownFileType = sourcecode.c.h; path = CPTPlotSpaceAnnotation.h; sourceTree = "<group>"; };
		39D3330A16A6A3E500651EA1 /* CPTPlotSymbol.h */ = {isa = PBXFileReference; fileEncoding = 4; lastKnownFileType = sourcecode.c.h; path = CPTPlotSymbol.h; sourceTree = "<group>"; };
		39D3330B16A6A3E500651EA1 /* CPTRangePlot.h */ = {isa = PBXFileReference; fileEncoding = 4; lastKnownFileType = sourcecode.c.h; path = CPTRangePlot.h; sourceTree = "<group>"; };
		39D3330C16A6A3E500651EA1 /* CPTResponder.h */ = {isa = PBXFileReference; fileEncoding = 4; lastKnownFileType = sourcecode.c.h; path = CPTResponder.h; sourceTree = "<group>"; };
		39D3330D16A6A3E500651EA1 /* CPTScatterPlot.h */ = {isa = PBXFileReference; fileEncoding = 4; lastKnownFileType = sourcecode.c.h; path = CPTScatterPlot.h; sourceTree = "<group>"; };
		39D3330E16A6A3E500651EA1 /* CPTShadow.h */ = {isa = PBXFileReference; fileEncoding = 4; lastKnownFileType = sourcecode.c.h; path = CPTShadow.h; sourceTree = "<group>"; };
		39D3330F16A6A3E500651EA1 /* CPTTestCase.h */ = {isa = PBXFileReference; fileEncoding = 4; lastKnownFileType = sourcecode.c.h; path = CPTTestCase.h; sourceTree = "<group>"; };
		39D3331016A6A3E500651EA1 /* CPTTextLayer.h */ = {isa = PBXFileReference; fileEncoding = 4; lastKnownFileType = sourcecode.c.h; path = CPTTextLayer.h; sourceTree = "<group>"; };
		39D3331116A6A3E500651EA1 /* CPTTextStyle.h */ = {isa = PBXFileReference; fileEncoding = 4; lastKnownFileType = sourcecode.c.h; path = CPTTextStyle.h; sourceTree = "<group>"; };
		39D3331216A6A3E500651EA1 /* CPTTextStylePlatformSpecific.h */ = {isa = PBXFileReference; fileEncoding = 4; lastKnownFileType = sourcecode.c.h; path = CPTTextStylePlatformSpecific.h; sourceTree = "<group>"; };
		39D3331316A6A3E500651EA1 /* CPTTheme.h */ = {isa = PBXFileReference; fileEncoding = 4; lastKnownFileType = sourcecode.c.h; path = CPTTheme.h; sourceTree = "<group>"; };
		39D3331416A6A3E500651EA1 /* CPTTimeFormatter.h */ = {isa = PBXFileReference; fileEncoding = 4; lastKnownFileType = sourcecode.c.h; path = CPTTimeFormatter.h; sourceTree = "<group>"; };
		39D3331516A6A3E500651EA1 /* CPTTradingRangePlot.h */ = {isa = PBXFileReference; fileEncoding = 4; lastKnownFileType = sourcecode.c.h; path = CPTTradingRangePlot.h; sourceTree = "<group>"; };
		39D3331616A6A3E500651EA1 /* CPTUtilities.h */ = {isa = PBXFileReference; fileEncoding = 4; lastKnownFileType = sourcecode.c.h; path = CPTUtilities.h; sourceTree = "<group>"; };
		39D3331716A6A3E500651EA1 /* CPTXYAxis.h */ = {isa = PBXFileReference; fileEncoding = 4; lastKnownFileType = sourcecode.c.h; path = CPTXYAxis.h; sourceTree = "<group>"; };
		39D3331816A6A3E500651EA1 /* CPTXYAxisSet.h */ = {isa = PBXFileReference; fileEncoding = 4; lastKnownFileType = sourcecode.c.h; path = CPTXYAxisSet.h; sourceTree = "<group>"; };
		39D3331916A6A3E500651EA1 /* CPTXYGraph.h */ = {isa = PBXFileReference; fileEncoding = 4; lastKnownFileType = sourcecode.c.h; path = CPTXYGraph.h; sourceTree = "<group>"; };
		39D3331A16A6A3E500651EA1 /* CPTXYPlotSpace.h */ = {isa = PBXFileReference; fileEncoding = 4; lastKnownFileType = sourcecode.c.h; path = CPTXYPlotSpace.h; sourceTree = "<group>"; };
		39D3331B16A6A3E500651EA1 /* mainpage.h */ = {isa = PBXFileReference; fileEncoding = 4; lastKnownFileType = sourcecode.c.h; path = mainpage.h; sourceTree = "<group>"; };
		39D3331C16A6A3E500651EA1 /* NSCoderExtensions.h */ = {isa = PBXFileReference; fileEncoding = 4; lastKnownFileType = sourcecode.c.h; path = NSCoderExtensions.h; sourceTree = "<group>"; };
		39D3331D16A6A3E500651EA1 /* NSDecimalNumberExtensions.h */ = {isa = PBXFileReference; fileEncoding = 4; lastKnownFileType = sourcecode.c.h; path = NSDecimalNumberExtensions.h; sourceTree = "<group>"; };
		39D3331E16A6A3E500651EA1 /* NSNumberExtensions.h */ = {isa = PBXFileReference; fileEncoding = 4; lastKnownFileType = sourcecode.c.h; path = NSNumberExtensions.h; sourceTree = "<group>"; };
		39E6294C16A69787003CEC4A /* SystemDetails.h */ = {isa = PBXFileReference; fileEncoding = 4; lastKnownFileType = sourcecode.c.h; path = SystemDetails.h; sourceTree = "<group>"; };
		39E6294D16A69788003CEC4A /* SystemDetails.m */ = {isa = PBXFileReference; fileEncoding = 4; lastKnownFileType = sourcecode.c.objc; path = SystemDetails.m; sourceTree = "<group>"; };
		CE03895016B258FF00CD4F30 /* logo_indeed.jpg */ = {isa = PBXFileReference; lastKnownFileType = image.jpeg; path = logo_indeed.jpg; sourceTree = "<group>"; };
		CE03D54916A3DA4600C846C9 /* en */ = {isa = PBXFileReference; lastKnownFileType = file.storyboard; name = en; path = en.lproj/MainStoryboard.storyboard; sourceTree = "<group>"; };
		CE0DF3A016A67E500023F56C /* SystemParameter.h */ = {isa = PBXFileReference; fileEncoding = 4; lastKnownFileType = sourcecode.c.h; path = SystemParameter.h; sourceTree = "<group>"; };
		CE0DF3A116A67E500023F56C /* SystemParameter.m */ = {isa = PBXFileReference; fileEncoding = 4; lastKnownFileType = sourcecode.c.objc; path = SystemParameter.m; sourceTree = "<group>"; };
		CE0DF3A416A67E900023F56C /* GetSystemParameter.h */ = {isa = PBXFileReference; fileEncoding = 4; lastKnownFileType = sourcecode.c.h; path = GetSystemParameter.h; sourceTree = "<group>"; };
		CE0DF3A516A67E900023F56C /* GetSystemParameter.m */ = {isa = PBXFileReference; fileEncoding = 4; lastKnownFileType = sourcecode.c.objc; path = GetSystemParameter.m; sourceTree = "<group>"; };
		CE8900DC16AE557F0030365D /* 53640.jpg */ = {isa = PBXFileReference; lastKnownFileType = image.jpeg; path = 53640.jpg; sourceTree = "<group>"; };
/* End PBXFileReference section */

/* Begin PBXFrameworksBuildPhase section */
		39B8A2E8169FF09D00B3FEB8 /* Frameworks */ = {
			isa = PBXFrameworksBuildPhase;
			buildActionMask = 2147483647;
			files = (
				39D3328416A69F1400651EA1 /* QuartzCore.framework in Frameworks */,
				39B8A2F0169FF09E00B3FEB8 /* UIKit.framework in Frameworks */,
				39B8A2F2169FF09E00B3FEB8 /* Foundation.framework in Frameworks */,
				39B8A2F4169FF09E00B3FEB8 /* CoreGraphics.framework in Frameworks */,
				39D332D316A6A3B300651EA1 /* libCorePlot-CocoaTouch.a in Frameworks */,
			);
			runOnlyForDeploymentPostprocessing = 0;
		};
		39B8A311169FF09F00B3FEB8 /* Frameworks */ = {
			isa = PBXFrameworksBuildPhase;
			buildActionMask = 2147483647;
			files = (
				39B8A317169FF09F00B3FEB8 /* SenTestingKit.framework in Frameworks */,
				39B8A318169FF09F00B3FEB8 /* UIKit.framework in Frameworks */,
				39B8A319169FF09F00B3FEB8 /* Foundation.framework in Frameworks */,
			);
			runOnlyForDeploymentPostprocessing = 0;
		};
/* End PBXFrameworksBuildPhase section */

/* Begin PBXGroup section */
		39B8A2E0169FF09D00B3FEB8 = {
			isa = PBXGroup;
			children = (
				39B8A2F5169FF09E00B3FEB8 /* Smart Monitor */,
				39B8A31C169FF09F00B3FEB8 /* Smart MonitorTests */,
				39B8A2EE169FF09E00B3FEB8 /* Frameworks */,
				39B8A2EC169FF09D00B3FEB8 /* Products */,
			);
			sourceTree = "<group>";
		};
		39B8A2EC169FF09D00B3FEB8 /* Products */ = {
			isa = PBXGroup;
			children = (
				39B8A2EB169FF09D00B3FEB8 /* Smart Monitor.app */,
				39B8A315169FF09F00B3FEB8 /* Smart MonitorTests.octest */,
			);
			name = Products;
			sourceTree = "<group>";
		};
		39B8A2EE169FF09E00B3FEB8 /* Frameworks */ = {
			isa = PBXGroup;
			children = (
				39D3328316A69F1400651EA1 /* QuartzCore.framework */,
				39B8A2EF169FF09E00B3FEB8 /* UIKit.framework */,
				39B8A2F1169FF09E00B3FEB8 /* Foundation.framework */,
				39B8A2F3169FF09E00B3FEB8 /* CoreGraphics.framework */,
				39B8A316169FF09F00B3FEB8 /* SenTestingKit.framework */,
			);
			name = Frameworks;
			sourceTree = "<group>";
		};
		39B8A2F5169FF09E00B3FEB8 /* Smart Monitor */ = {
			isa = PBXGroup;
			children = (
				39D332D216A6A3B300651EA1 /* libCorePlot-CocoaTouch.a */,
				39D332D416A6A3E500651EA1 /* CorePlotHeaders */,
				CEFC863416A017D500A374E5 /* Image */,
				39B8A339169FFA2800B3FEB8 /* Model */,
				39B8A338169FFA2600B3FEB8 /* Webservice */,
				39B8A337169FFA2100B3FEB8 /* Controller */,
				39B8A2F6169FF09E00B3FEB8 /* Supporting Files */,
			);
			path = "Smart Monitor";
			sourceTree = "<group>";
		};
		39B8A2F6169FF09E00B3FEB8 /* Supporting Files */ = {
			isa = PBXGroup;
			children = (
				39196FF116B25A9C00F18959 /* Icon@2x.png */,
				39196FF216B25A9C00F18959 /* 57.jpg */,
				39196FF316B25A9C00F18959 /* Icon.png */,
				39B8A2F7169FF09E00B3FEB8 /* Smart Monitor-Info.plist */,
				39B8A2F8169FF09E00B3FEB8 /* InfoPlist.strings */,
				39B8A2FB169FF09E00B3FEB8 /* main.m */,
				39B8A2FD169FF09E00B3FEB8 /* Smart Monitor-Prefix.pch */,
				39B8A301169FF09E00B3FEB8 /* Default.png */,
				39B8A303169FF09E00B3FEB8 /* Default@2x.png */,
				39B8A305169FF09E00B3FEB8 /* Default-568h@2x.png */,
			);
			name = "Supporting Files";
			sourceTree = "<group>";
		};
		39B8A31C169FF09F00B3FEB8 /* Smart MonitorTests */ = {
			isa = PBXGroup;
			children = (
				39B8A322169FF09F00B3FEB8 /* Smart_MonitorTests.h */,
				39B8A323169FF09F00B3FEB8 /* Smart_MonitorTests.m */,
				39B8A31D169FF09F00B3FEB8 /* Supporting Files */,
			);
			path = "Smart MonitorTests";
			sourceTree = "<group>";
		};
		39B8A31D169FF09F00B3FEB8 /* Supporting Files */ = {
			isa = PBXGroup;
			children = (
				39B8A31E169FF09F00B3FEB8 /* Smart MonitorTests-Info.plist */,
				39B8A31F169FF09F00B3FEB8 /* InfoPlist.strings */,
			);
			name = "Supporting Files";
			sourceTree = "<group>";
		};
		39B8A337169FFA2100B3FEB8 /* Controller */ = {
			isa = PBXGroup;
			children = (
				CE03D54816A3DA4600C846C9 /* MainStoryboard.storyboard */,
				39D3328516A6A06B00651EA1 /* Trends.h */,
				39D3328616A6A06B00651EA1 /* Trends.m */,
				39B8A2FE169FF09E00B3FEB8 /* AppDelegate.h */,
				39B8A2FF169FF09E00B3FEB8 /* AppDelegate.m */,
				39B8A32D169FF19700B3FEB8 /* LoginDetails.h */,
				39B8A32E169FF19700B3FEB8 /* LoginDetails.m */,
				39B8A30A169FF09E00B3FEB8 /* MasterViewController.h */,
				39B8A30B169FF09E00B3FEB8 /* MasterViewController.m */,
				39E6294C16A69787003CEC4A /* SystemDetails.h */,
				39E6294D16A69788003CEC4A /* SystemDetails.m */,
			);
			name = Controller;
			sourceTree = "<group>";
		};
		39B8A338169FFA2600B3FEB8 /* Webservice */ = {
			isa = PBXGroup;
			children = (
				39B8A346169FFAA400B3FEB8 /* GetUser.h */,
				39B8A347169FFAA400B3FEB8 /* GetUser.m */,
				39B8A348169FFAA400B3FEB8 /* GetSystem.h */,
				39B8A349169FFAA400B3FEB8 /* GetSystem.m */,
				CE0DF3A416A67E900023F56C /* GetSystemParameter.h */,
				CE0DF3A516A67E900023F56C /* GetSystemParameter.m */,
				39B8A34A169FFAA400B3FEB8 /* GetCoordinatePoint.h */,
				39B8A34B169FFAA400B3FEB8 /* GetCoordinatePoint.m */,
			);
			name = Webservice;
			sourceTree = "<group>";
		};
		39B8A339169FFA2800B3FEB8 /* Model */ = {
			isa = PBXGroup;
			children = (
				39B8A33A169FFA9A00B3FEB8 /* User.h */,
				39B8A33B169FFA9A00B3FEB8 /* User.m */,
				39B8A33C169FFA9A00B3FEB8 /* System.h */,
				39B8A33D169FFA9A00B3FEB8 /* System.m */,
				CE0DF3A016A67E500023F56C /* SystemParameter.h */,
				CE0DF3A116A67E500023F56C /* SystemParameter.m */,
				39B8A33E169FFA9A00B3FEB8 /* CoordinatePoint.h */,
				39B8A33F169FFA9A00B3FEB8 /* CoordinatePoint.m */,
			);
			name = Model;
			sourceTree = "<group>";
		};
		39D332D416A6A3E500651EA1 /* CorePlotHeaders */ = {
			isa = PBXGroup;
			children = (
				39D332D516A6A3E500651EA1 /* CorePlot-CocoaTouch.h */,
				39D332D616A6A3E500651EA1 /* CPTAnnotation.h */,
				39D332D716A6A3E500651EA1 /* CPTAnnotationHostLayer.h */,
				39D332D816A6A3E500651EA1 /* CPTAxis.h */,
				39D332D916A6A3E500651EA1 /* CPTAxisLabel.h */,
				39D332DA16A6A3E500651EA1 /* CPTAxisLabelGroup.h */,
				39D332DB16A6A3E500651EA1 /* CPTAxisSet.h */,
				39D332DC16A6A3E500651EA1 /* CPTAxisTitle.h */,
				39D332DD16A6A3E500651EA1 /* CPTBarPlot.h */,
				39D332DE16A6A3E500651EA1 /* CPTBorderedLayer.h */,
				39D332DF16A6A3E500651EA1 /* CPTCalendarFormatter.h */,
				39D332E016A6A3E500651EA1 /* CPTColor.h */,
				39D332E116A6A3E500651EA1 /* CPTColorSpace.h */,
				39D332E216A6A3E500651EA1 /* CPTConstraints.h */,
				39D332E316A6A3E500651EA1 /* CPTDataSourceTestCase.h */,
				39D332E416A6A3E500651EA1 /* CPTDefinitions.h */,
				39D332E516A6A3E500651EA1 /* CPTDerivedXYGraph.h */,
				39D332E616A6A3E500651EA1 /* CPTExceptions.h */,
				39D332E716A6A3E500651EA1 /* CPTFill.h */,
				39D332E816A6A3E500651EA1 /* CPTGradient.h */,
				39D332E916A6A3E500651EA1 /* CPTGraph.h */,
				39D332EA16A6A3E500651EA1 /* CPTGraphHostingView.h */,
				39D332EB16A6A3E500651EA1 /* CPTGridLineGroup.h */,
				39D332EC16A6A3E500651EA1 /* CPTGridLines.h */,
				39D332ED16A6A3E500651EA1 /* CPTImage.h */,
				39D332EE16A6A3E500651EA1 /* CPTLayer.h */,
				39D332EF16A6A3E500651EA1 /* CPTLayerAnnotation.h */,
				39D332F016A6A3E500651EA1 /* CPTLegend.h */,
				39D332F116A6A3E500651EA1 /* CPTLegendEntry.h */,
				39D332F216A6A3E500651EA1 /* CPTLimitBand.h */,
				39D332F316A6A3E500651EA1 /* CPTLineCap.h */,
				39D332F416A6A3E500651EA1 /* CPTLineStyle.h */,
				39D332F516A6A3E500651EA1 /* CPTMutableLineStyle.h */,
				39D332F616A6A3E500651EA1 /* CPTMutableNumericData+TypeConversion.h */,
				39D332F716A6A3E500651EA1 /* CPTMutableNumericData.h */,
				39D332F816A6A3E500651EA1 /* CPTMutablePlotRange.h */,
				39D332F916A6A3E500651EA1 /* CPTMutableShadow.h */,
				39D332FA16A6A3E500651EA1 /* CPTMutableTextStyle.h */,
				39D332FB16A6A3E500651EA1 /* CPTNumericData+TypeConversion.h */,
				39D332FC16A6A3E500651EA1 /* CPTNumericData.h */,
				39D332FD16A6A3E500651EA1 /* CPTNumericDataType.h */,
				39D332FE16A6A3E500651EA1 /* CPTPathExtensions.h */,
				39D332FF16A6A3E500651EA1 /* CPTPieChart.h */,
				39D3330016A6A3E500651EA1 /* CPTPlatformSpecificCategories.h */,
				39D3330116A6A3E500651EA1 /* CPTPlatformSpecificDefines.h */,
				39D3330216A6A3E500651EA1 /* CPTPlatformSpecificFunctions.h */,
				39D3330316A6A3E500651EA1 /* CPTPlot.h */,
				39D3330416A6A3E500651EA1 /* CPTPlotArea.h */,
				39D3330516A6A3E500651EA1 /* CPTPlotAreaFrame.h */,
				39D3330616A6A3E500651EA1 /* CPTPlotGroup.h */,
				39D3330716A6A3E500651EA1 /* CPTPlotRange.h */,
				39D3330816A6A3E500651EA1 /* CPTPlotSpace.h */,
				39D3330916A6A3E500651EA1 /* CPTPlotSpaceAnnotation.h */,
				39D3330A16A6A3E500651EA1 /* CPTPlotSymbol.h */,
				39D3330B16A6A3E500651EA1 /* CPTRangePlot.h */,
				39D3330C16A6A3E500651EA1 /* CPTResponder.h */,
				39D3330D16A6A3E500651EA1 /* CPTScatterPlot.h */,
				39D3330E16A6A3E500651EA1 /* CPTShadow.h */,
				39D3330F16A6A3E500651EA1 /* CPTTestCase.h */,
				39D3331016A6A3E500651EA1 /* CPTTextLayer.h */,
				39D3331116A6A3E500651EA1 /* CPTTextStyle.h */,
				39D3331216A6A3E500651EA1 /* CPTTextStylePlatformSpecific.h */,
				39D3331316A6A3E500651EA1 /* CPTTheme.h */,
				39D3331416A6A3E500651EA1 /* CPTTimeFormatter.h */,
				39D3331516A6A3E500651EA1 /* CPTTradingRangePlot.h */,
				39D3331616A6A3E500651EA1 /* CPTUtilities.h */,
				39D3331716A6A3E500651EA1 /* CPTXYAxis.h */,
				39D3331816A6A3E500651EA1 /* CPTXYAxisSet.h */,
				39D3331916A6A3E500651EA1 /* CPTXYGraph.h */,
				39D3331A16A6A3E500651EA1 /* CPTXYPlotSpace.h */,
				39D3331B16A6A3E500651EA1 /* mainpage.h */,
				39D3331C16A6A3E500651EA1 /* NSCoderExtensions.h */,
				39D3331D16A6A3E500651EA1 /* NSDecimalNumberExtensions.h */,
				39D3331E16A6A3E500651EA1 /* NSNumberExtensions.h */,
			);
			path = CorePlotHeaders;
			sourceTree = "<group>";
		};
		CEFC863416A017D500A374E5 /* Image */ = {
			isa = PBXGroup;
			children = (
				39CB7EA616BFADCB00A6C6C9 /* deeblubitch.png */,
				390E555F16BB5B4300FB54E4 /* DarkBlue.jpg */,
				390E555716BA723500FB54E4 /* sZsi9XwLEo6W6WB4Rbcy9Zcm9b7S8XNmLZ7nFb70Go80KYdXEatuBZ80RYseOc7q8WsiEYR4DYNX_.png */,
				390E555516BA714100FB54E4 /* LightBlueButton.png */,
				390E554F16BA65BC00FB54E4 /* navigation.png */,
				CE03895016B258FF00CD4F30 /* logo_indeed.jpg */,
				CE8900DC16AE557F0030365D /* 53640.jpg */,
			);
			name = Image;
			sourceTree = "<group>";
		};
/* End PBXGroup section */

/* Begin PBXNativeTarget section */
		39B8A2EA169FF09D00B3FEB8 /* Smart Monitor */ = {
			isa = PBXNativeTarget;
			buildConfigurationList = 39B8A327169FF09F00B3FEB8 /* Build configuration list for PBXNativeTarget "Smart Monitor" */;
			buildPhases = (
				39B8A2E7169FF09D00B3FEB8 /* Sources */,
				39B8A2E8169FF09D00B3FEB8 /* Frameworks */,
				39B8A2E9169FF09D00B3FEB8 /* Resources */,
			);
			buildRules = (
			);
			dependencies = (
			);
			name = "Smart Monitor";
			productName = "Smart Monitor";
			productReference = 39B8A2EB169FF09D00B3FEB8 /* Smart Monitor.app */;
			productType = "com.apple.product-type.application";
		};
		39B8A314169FF09F00B3FEB8 /* Smart MonitorTests */ = {
			isa = PBXNativeTarget;
			buildConfigurationList = 39B8A32A169FF09F00B3FEB8 /* Build configuration list for PBXNativeTarget "Smart MonitorTests" */;
			buildPhases = (
				39B8A310169FF09F00B3FEB8 /* Sources */,
				39B8A311169FF09F00B3FEB8 /* Frameworks */,
				39B8A312169FF09F00B3FEB8 /* Resources */,
				39B8A313169FF09F00B3FEB8 /* ShellScript */,
			);
			buildRules = (
			);
			dependencies = (
				39B8A31B169FF09F00B3FEB8 /* PBXTargetDependency */,
			);
			name = "Smart MonitorTests";
			productName = "Smart MonitorTests";
			productReference = 39B8A315169FF09F00B3FEB8 /* Smart MonitorTests.octest */;
			productType = "com.apple.product-type.bundle";
		};
/* End PBXNativeTarget section */

/* Begin PBXProject section */
		39B8A2E2169FF09D00B3FEB8 /* Project object */ = {
			isa = PBXProject;
			attributes = {
				LastUpgradeCheck = 0450;
				ORGANIZATIONNAME = "Service-Indeed";
			};
			buildConfigurationList = 39B8A2E5169FF09D00B3FEB8 /* Build configuration list for PBXProject "Smart Monitor" */;
			compatibilityVersion = "Xcode 3.2";
			developmentRegion = English;
			hasScannedForEncodings = 0;
			knownRegions = (
				en,
				English,
			);
			mainGroup = 39B8A2E0169FF09D00B3FEB8;
			productRefGroup = 39B8A2EC169FF09D00B3FEB8 /* Products */;
			projectDirPath = "";
			projectRoot = "";
			targets = (
				39B8A2EA169FF09D00B3FEB8 /* Smart Monitor */,
				39B8A314169FF09F00B3FEB8 /* Smart MonitorTests */,
			);
		};
/* End PBXProject section */

/* Begin PBXResourcesBuildPhase section */
		39B8A2E9169FF09D00B3FEB8 /* Resources */ = {
			isa = PBXResourcesBuildPhase;
			buildActionMask = 2147483647;
			files = (
				39B8A2FA169FF09E00B3FEB8 /* InfoPlist.strings in Resources */,
				39B8A302169FF09E00B3FEB8 /* Default.png in Resources */,
				39B8A304169FF09E00B3FEB8 /* Default@2x.png in Resources */,
				39B8A306169FF09E00B3FEB8 /* Default-568h@2x.png in Resources */,
				CE03D54A16A3DA4600C846C9 /* MainStoryboard.storyboard in Resources */,
				CE8900DD16AE557F0030365D /* 53640.jpg in Resources */,
				39196FF416B25A9C00F18959 /* Icon@2x.png in Resources */,
				39196FF516B25A9C00F18959 /* 57.jpg in Resources */,
				39196FF616B25A9C00F18959 /* Icon.png in Resources */,
				390E555016BA65BD00FB54E4 /* navigation.png in Resources */,
				390E555616BA714100FB54E4 /* LightBlueButton.png in Resources */,
				390E555816BA723500FB54E4 /* sZsi9XwLEo6W6WB4Rbcy9Zcm9b7S8XNmLZ7nFb70Go80KYdXEatuBZ80RYseOc7q8WsiEYR4DYNX_.png in Resources */,
				390E556016BB5B4300FB54E4 /* DarkBlue.jpg in Resources */,
				39CB7EA716BFADCB00A6C6C9 /* deeblubitch.png in Resources */,
			);
			runOnlyForDeploymentPostprocessing = 0;
		};
		39B8A312169FF09F00B3FEB8 /* Resources */ = {
			isa = PBXResourcesBuildPhase;
			buildActionMask = 2147483647;
			files = (
				39B8A321169FF09F00B3FEB8 /* InfoPlist.strings in Resources */,
			);
			runOnlyForDeploymentPostprocessing = 0;
		};
/* End PBXResourcesBuildPhase section */

/* Begin PBXShellScriptBuildPhase section */
		39B8A313169FF09F00B3FEB8 /* ShellScript */ = {
			isa = PBXShellScriptBuildPhase;
			buildActionMask = 2147483647;
			files = (
			);
			inputPaths = (
			);
			outputPaths = (
			);
			runOnlyForDeploymentPostprocessing = 0;
			shellPath = /bin/sh;
			shellScript = "# Run the unit tests in this test bundle.\n\"${SYSTEM_DEVELOPER_DIR}/Tools/RunUnitTests\"\n";
		};
/* End PBXShellScriptBuildPhase section */

/* Begin PBXSourcesBuildPhase section */
		39B8A2E7169FF09D00B3FEB8 /* Sources */ = {
			isa = PBXSourcesBuildPhase;
			buildActionMask = 2147483647;
			files = (
				39B8A2FC169FF09E00B3FEB8 /* main.m in Sources */,
				39B8A300169FF09E00B3FEB8 /* AppDelegate.m in Sources */,
				39B8A30C169FF09E00B3FEB8 /* MasterViewController.m in Sources */,
				39B8A32F169FF19700B3FEB8 /* LoginDetails.m in Sources */,
				39B8A340169FFA9A00B3FEB8 /* User.m in Sources */,
				39B8A342169FFA9A00B3FEB8 /* System.m in Sources */,
				39B8A344169FFA9A00B3FEB8 /* CoordinatePoint.m in Sources */,
				39B8A34C169FFAA400B3FEB8 /* GetUser.m in Sources */,
				39B8A34E169FFAA400B3FEB8 /* GetSystem.m in Sources */,
				39B8A350169FFAA400B3FEB8 /* GetCoordinatePoint.m in Sources */,
				CE0DF3A216A67E500023F56C /* SystemParameter.m in Sources */,
				CE0DF3A616A67E900023F56C /* GetSystemParameter.m in Sources */,
				39E6294E16A69788003CEC4A /* SystemDetails.m in Sources */,
				39D3328716A6A06B00651EA1 /* Trends.m in Sources */,
			);
			runOnlyForDeploymentPostprocessing = 0;
		};
		39B8A310169FF09F00B3FEB8 /* Sources */ = {
			isa = PBXSourcesBuildPhase;
			buildActionMask = 2147483647;
			files = (
				39B8A324169FF09F00B3FEB8 /* Smart_MonitorTests.m in Sources */,
				39B8A341169FFA9A00B3FEB8 /* User.m in Sources */,
				39B8A343169FFA9A00B3FEB8 /* System.m in Sources */,
				39B8A345169FFA9A00B3FEB8 /* CoordinatePoint.m in Sources */,
				39B8A34D169FFAA400B3FEB8 /* GetUser.m in Sources */,
				39B8A34F169FFAA400B3FEB8 /* GetSystem.m in Sources */,
				39B8A351169FFAA400B3FEB8 /* GetCoordinatePoint.m in Sources */,
			);
			runOnlyForDeploymentPostprocessing = 0;
		};
/* End PBXSourcesBuildPhase section */

/* Begin PBXTargetDependency section */
		39B8A31B169FF09F00B3FEB8 /* PBXTargetDependency */ = {
			isa = PBXTargetDependency;
			target = 39B8A2EA169FF09D00B3FEB8 /* Smart Monitor */;
			targetProxy = 39B8A31A169FF09F00B3FEB8 /* PBXContainerItemProxy */;
		};
/* End PBXTargetDependency section */

/* Begin PBXVariantGroup section */
		39B8A2F8169FF09E00B3FEB8 /* InfoPlist.strings */ = {
			isa = PBXVariantGroup;
			children = (
				39B8A2F9169FF09E00B3FEB8 /* en */,
			);
			name = InfoPlist.strings;
			sourceTree = "<group>";
		};
		39B8A31F169FF09F00B3FEB8 /* InfoPlist.strings */ = {
			isa = PBXVariantGroup;
			children = (
				39B8A320169FF09F00B3FEB8 /* en */,
			);
			name = InfoPlist.strings;
			sourceTree = "<group>";
		};
		CE03D54816A3DA4600C846C9 /* MainStoryboard.storyboard */ = {
			isa = PBXVariantGroup;
			children = (
				CE03D54916A3DA4600C846C9 /* en */,
			);
			name = MainStoryboard.storyboard;
			sourceTree = "<group>";
		};
/* End PBXVariantGroup section */

/* Begin XCBuildConfiguration section */
		39B8A325169FF09F00B3FEB8 /* Debug */ = {
			isa = XCBuildConfiguration;
			buildSettings = {
				ALWAYS_SEARCH_USER_PATHS = NO;
				CLANG_CXX_LANGUAGE_STANDARD = "gnu++0x";
				CLANG_CXX_LIBRARY = "libc++";
				CLANG_ENABLE_OBJC_ARC = YES;
				CLANG_WARN_EMPTY_BODY = YES;
				CLANG_WARN__DUPLICATE_METHOD_MATCH = YES;
				CODE_SIGN_IDENTITY = "iPhone Developer";
				"CODE_SIGN_IDENTITY[sdk=iphoneos*]" = "iPhone Developer";
				COPY_PHASE_STRIP = NO;
				GCC_C_LANGUAGE_STANDARD = gnu99;
				GCC_DYNAMIC_NO_PIC = NO;
				GCC_OPTIMIZATION_LEVEL = 0;
				GCC_PREPROCESSOR_DEFINITIONS = (
					"DEBUG=1",
					"$(inherited)",
				);
				GCC_SYMBOLS_PRIVATE_EXTERN = NO;
				GCC_WARN_ABOUT_RETURN_TYPE = YES;
				GCC_WARN_UNINITIALIZED_AUTOS = YES;
				GCC_WARN_UNUSED_VARIABLE = YES;
				IPHONEOS_DEPLOYMENT_TARGET = 6.0;
				ONLY_ACTIVE_ARCH = YES;
				PROVISIONING_PROFILE = "";
				SDKROOT = iphoneos;
			};
			name = Debug;
		};
		39B8A326169FF09F00B3FEB8 /* Release */ = {
			isa = XCBuildConfiguration;
			buildSettings = {
				ALWAYS_SEARCH_USER_PATHS = NO;
				CLANG_CXX_LANGUAGE_STANDARD = "gnu++0x";
				CLANG_CXX_LIBRARY = "libc++";
				CLANG_ENABLE_OBJC_ARC = YES;
				CLANG_WARN_EMPTY_BODY = YES;
				CLANG_WARN__DUPLICATE_METHOD_MATCH = YES;
				CODE_SIGN_IDENTITY = "iPhone Developer";
				"CODE_SIGN_IDENTITY[sdk=iphoneos*]" = "iPhone Developer";
				COPY_PHASE_STRIP = YES;
				GCC_C_LANGUAGE_STANDARD = gnu99;
				GCC_WARN_ABOUT_RETURN_TYPE = YES;
				GCC_WARN_UNINITIALIZED_AUTOS = YES;
				GCC_WARN_UNUSED_VARIABLE = YES;
				IPHONEOS_DEPLOYMENT_TARGET = 6.0;
				OTHER_CFLAGS = "-DNS_BLOCK_ASSERTIONS=1";
				PROVISIONING_PROFILE = "";
				SDKROOT = iphoneos;
				VALIDATE_PRODUCT = YES;
			};
			name = Release;
		};
		39B8A328169FF09F00B3FEB8 /* Debug */ = {
			isa = XCBuildConfiguration;
			buildSettings = {
				GCC_PRECOMPILE_PREFIX_HEADER = YES;
				GCC_PREFIX_HEADER = "Smart Monitor/Smart Monitor-Prefix.pch";
				INFOPLIST_FILE = "Smart Monitor/Smart Monitor-Info.plist";
				LIBRARY_SEARCH_PATHS = (
					"$(inherited)",
					/Users/adamdong/Downloads/CorePlot_1.1/Binaries/iOS,
					"\"$(SRCROOT)/Smart Monitor\"",
				);
				OTHER_LDFLAGS = "-ObjC";
				PRODUCT_NAME = "$(TARGET_NAME)";
				WRAPPER_EXTENSION = app;
			};
			name = Debug;
		};
		39B8A329169FF09F00B3FEB8 /* Release */ = {
			isa = XCBuildConfiguration;
			buildSettings = {
				GCC_PRECOMPILE_PREFIX_HEADER = YES;
				GCC_PREFIX_HEADER = "Smart Monitor/Smart Monitor-Prefix.pch";
				INFOPLIST_FILE = "Smart Monitor/Smart Monitor-Info.plist";
				LIBRARY_SEARCH_PATHS = (
					"$(inherited)",
					/Users/adamdong/Downloads/CorePlot_1.1/Binaries/iOS,
					"\"$(SRCROOT)/Smart Monitor\"",
				);
				OTHER_LDFLAGS = "-ObjC";
				PRODUCT_NAME = "$(TARGET_NAME)";
				WRAPPER_EXTENSION = app;
			};
			name = Release;
		};
		39B8A32B169FF09F00B3FEB8 /* Debug */ = {
			isa = XCBuildConfiguration;
			buildSettings = {
				BUNDLE_LOADER = "$(BUILT_PRODUCTS_DIR)/Smart Monitor.app/Smart Monitor";
				FRAMEWORK_SEARCH_PATHS = (
					"\"$(SDKROOT)/Developer/Library/Frameworks\"",
					"\"$(DEVELOPER_LIBRARY_DIR)/Frameworks\"",
				);
				GCC_PRECOMPILE_PREFIX_HEADER = YES;
				GCC_PREFIX_HEADER = "Smart Monitor/Smart Monitor-Prefix.pch";
				INFOPLIST_FILE = "Smart MonitorTests/Smart MonitorTests-Info.plist";
				PRODUCT_NAME = "$(TARGET_NAME)";
				TEST_HOST = "$(BUNDLE_LOADER)";
				WRAPPER_EXTENSION = octest;
			};
			name = Debug;
		};
		39B8A32C169FF09F00B3FEB8 /* Release */ = {
			isa = XCBuildConfiguration;
			buildSettings = {
				BUNDLE_LOADER = "$(BUILT_PRODUCTS_DIR)/Smart Monitor.app/Smart Monitor";
				FRAMEWORK_SEARCH_PATHS = (
					"\"$(SDKROOT)/Developer/Library/Frameworks\"",
					"\"$(DEVELOPER_LIBRARY_DIR)/Frameworks\"",
				);
				GCC_PRECOMPILE_PREFIX_HEADER = YES;
				GCC_PREFIX_HEADER = "Smart Monitor/Smart Monitor-Prefix.pch";
				INFOPLIST_FILE = "Smart MonitorTests/Smart MonitorTests-Info.plist";
				PRODUCT_NAME = "$(TARGET_NAME)";
				TEST_HOST = "$(BUNDLE_LOADER)";
				WRAPPER_EXTENSION = octest;
			};
			name = Release;
		};
/* End XCBuildConfiguration section */

/* Begin XCConfigurationList section */
		39B8A2E5169FF09D00B3FEB8 /* Build configuration list for PBXProject "Smart Monitor" */ = {
			isa = XCConfigurationList;
			buildConfigurations = (
				39B8A325169FF09F00B3FEB8 /* Debug */,
				39B8A326169FF09F00B3FEB8 /* Release */,
			);
			defaultConfigurationIsVisible = 0;
			defaultConfigurationName = Release;
		};
		39B8A327169FF09F00B3FEB8 /* Build configuration list for PBXNativeTarget "Smart Monitor" */ = {
			isa = XCConfigurationList;
			buildConfigurations = (
				39B8A328169FF09F00B3FEB8 /* Debug */,
				39B8A329169FF09F00B3FEB8 /* Release */,
			);
			defaultConfigurationIsVisible = 0;
			defaultConfigurationName = Release;
		};
		39B8A32A169FF09F00B3FEB8 /* Build configuration list for PBXNativeTarget "Smart MonitorTests" */ = {
			isa = XCConfigurationList;
			buildConfigurations = (
				39B8A32B169FF09F00B3FEB8 /* Debug */,
				39B8A32C169FF09F00B3FEB8 /* Release */,
			);
			defaultConfigurationIsVisible = 0;
			defaultConfigurationName = Release;
		};
/* End XCConfigurationList section */
	};
	rootObject = 39B8A2E2169FF09D00B3FEB8 /* Project object */;
}
